
Microsoft Visual Studio Solution File, Format Version 11.00
# Visual Studio 2010
Project("{FAE04EC0-301F-11D3-BF4B-00C04F79EFBC}") = "BM301_02", "BM301_02\BM301_02.csproj", "{888a94ae-f48e-43c6-a750-aee46a2eeae3}"
EndProject
Global
	GlobalSection(SolutionConfigurationPlatforms) = preSolution
		Debug|Any CPU = Debug|Any CPU
		Release|Any CPU = Release|Any CPU
	EndGlobalSection
	GlobalSection(ProjectConfigurationPlatforms) = postSolution
		{888A94AE-F48E-43C6-A750-AEE46A2EEAE3}.Debug|Any CPU.ActiveCfg = Debug|Any CPU
		{888A94AE-F48E-43C6-A750-AEE46A2EEAE3}.Debug|Any CPU.Build.0 = Debug|Any CPU
		{888A94AE-F48E-43C6-A750-AEE46A2EEAE3}.Release|Any CPU.ActiveCfg = Release|Any CPU
		{888A94AE-F48E-43C6-A750-AEE46A2EEAE3}.Release|Any CPU.Build.0 = Release|Any CPU
	EndGlobalSection
EndGlobal
